// !$*UTF8*$!
{
	archiveVersion = 1;
	classes = {
	};
	objectVersion = 56;
	objects = {

/* Begin PBXBuildFile section */
		0F585E222AD68360007D0B47 /* PostureCoachViewController.swift in Sources */ = {isa = PBXBuildFile; fileRef = 0F585E212AD68360007D0B47 /* PostureCoachViewController.swift */; };
		0F585E242AD68612007D0B47 /* PostureCoachView.storyboard in Resources */ = {isa = PBXBuildFile; fileRef = 0F585E232AD68612007D0B47 /* PostureCoachView.storyboard */; };
		0F5E38412ADE5ABD00D444B1 /* CellWebViewController.swift in Sources */ = {isa = PBXBuildFile; fileRef = 0F5E383D2ADE5ABD00D444B1 /* CellWebViewController.swift */; };
		0F5E38422ADE5ABD00D444B1 /* MachineViewController.swift in Sources */ = {isa = PBXBuildFile; fileRef = 0F5E383E2ADE5ABD00D444B1 /* MachineViewController.swift */; };
		0F5E38432ADE5ABD00D444B1 /* WebViewController.swift in Sources */ = {isa = PBXBuildFile; fileRef = 0F5E383F2ADE5ABD00D444B1 /* WebViewController.swift */; };
		0F5E38442ADE5ABD00D444B1 /* MachineMainViewController.swift in Sources */ = {isa = PBXBuildFile; fileRef = 0F5E38402ADE5ABD00D444B1 /* MachineMainViewController.swift */; };
		0FACFABB2AD4221B006CBA08 /* ExerciseSummaryViewController.storyboard in Resources */ = {isa = PBXBuildFile; fileRef = 0FACFABA2AD4221B006CBA08 /* ExerciseSummaryViewController.storyboard */; };
		0FACFABD2AD52A51006CBA08 /* ExerciseSummaryViewController.swift in Sources */ = {isa = PBXBuildFile; fileRef = 0FACFABC2AD52A51006CBA08 /* ExerciseSummaryViewController.swift */; };
		0FC4B72A2AD91AF20036DEB2 /* WeeklyReportView.swift in Sources */ = {isa = PBXBuildFile; fileRef = 0FC4B7292AD91AF20036DEB2 /* WeeklyReportView.swift */; };
		0FD22B1C2ADE5F960033C9AF /* CommunityView.storyboard in Resources */ = {isa = PBXBuildFile; fileRef = 0FD22B1B2ADE5F960033C9AF /* CommunityView.storyboard */; };
		0FE635972AC51FCB00DA6266 /* Model.swift in Sources */ = {isa = PBXBuildFile; fileRef = 0FE635962AC51FCB00DA6266 /* Model.swift */; };
		0FE6359A2AC5346C00DA6266 /* Alamofire in Frameworks */ = {isa = PBXBuildFile; productRef = 0FE635992AC5346C00DA6266 /* Alamofire */; };
		0FEB8F642ACCF3090098F7AC /* LegPressView.storyboard in Resources */ = {isa = PBXBuildFile; fileRef = 0FEB8F632ACCF3090098F7AC /* LegPressView.storyboard */; };
		0FEB8F662ACCF6180098F7AC /* LegExtensionView.storyboard in Resources */ = {isa = PBXBuildFile; fileRef = 0FEB8F652ACCF6180098F7AC /* LegExtensionView.storyboard */; };
		0FEB8F682ACCF6AC0098F7AC /* LatPullDownView.storyboard in Resources */ = {isa = PBXBuildFile; fileRef = 0FEB8F672ACCF6AC0098F7AC /* LatPullDownView.storyboard */; };
		0FEB8F6F2ACCF7DA0098F7AC /* ChestPressView.storyboard in Resources */ = {isa = PBXBuildFile; fileRef = 0FEB8F6E2ACCF7DA0098F7AC /* ChestPressView.storyboard */; };
		0FEB8F762ACD013E0098F7AC /* MachineCoachView.storyboard in Resources */ = {isa = PBXBuildFile; fileRef = 0FEB8F752ACD013E0098F7AC /* MachineCoachView.storyboard */; };
		0FEB8F782ACD017A0098F7AC /* ReportView.storyboard in Resources */ = {isa = PBXBuildFile; fileRef = 0FEB8F772ACD017A0098F7AC /* ReportView.storyboard */; };
		0FEB8F7C2ACD08970098F7AC /* ReportViewController.swift in Sources */ = {isa = PBXBuildFile; fileRef = 0FEB8F7B2ACD08960098F7AC /* ReportViewController.swift */; };
		0FEB8F802ACE8E410098F7AC /* LatPullDownViewController.swift in Sources */ = {isa = PBXBuildFile; fileRef = 0FEB8F7F2ACE8E410098F7AC /* LatPullDownViewController.swift */; };
		0FF1BE3A2AD3896300CC404D /* LowerSourcePickerViewController.swift in Sources */ = {isa = PBXBuildFile; fileRef = 0FF1BE392AD3896300CC404D /* LowerSourcePickerViewController.swift */; };
		160637542AD8F0DF00213C8C /* ContentsWebViewController.swift in Sources */ = {isa = PBXBuildFile; fileRef = 160637532AD8F0DF00213C8C /* ContentsWebViewController.swift */; };
		160637562AD9173400213C8C /* CommunityViewController.swift in Sources */ = {isa = PBXBuildFile; fileRef = 160637552AD9173400213C8C /* CommunityViewController.swift */; };
		16526EB42ACC06A5008F6A49 /* Common.swift in Sources */ = {isa = PBXBuildFile; fileRef = 16526EAC2ACC06A5008F6A49 /* Common.swift */; };
		16526EB52ACC06A5008F6A49 /* GameViewController.swift in Sources */ = {isa = PBXBuildFile; fileRef = 16526EAD2ACC06A5008F6A49 /* GameViewController.swift */; };
		16526EB62ACC06A5008F6A49 /* SetupViewController.swift in Sources */ = {isa = PBXBuildFile; fileRef = 16526EAE2ACC06A5008F6A49 /* SetupViewController.swift */; };
		16526EB72ACC06A5008F6A49 /* SourcePickerViewController.swift in Sources */ = {isa = PBXBuildFile; fileRef = 16526EAF2ACC06A5008F6A49 /* SourcePickerViewController.swift */; };
		16526EB82ACC06A5008F6A49 /* RootViewController.swift in Sources */ = {isa = PBXBuildFile; fileRef = 16526EB02ACC06A5008F6A49 /* RootViewController.swift */; };
		16526EB92ACC06A5008F6A49 /* GameManager.swift in Sources */ = {isa = PBXBuildFile; fileRef = 16526EB12ACC06A5008F6A49 /* GameManager.swift */; };
		16526EBA2ACC06A5008F6A49 /* CameraViewController.swift in Sources */ = {isa = PBXBuildFile; fileRef = 16526EB22ACC06A5008F6A49 /* CameraViewController.swift */; };
		16526EBB2ACC06A5008F6A49 /* SummaryViewController.swift in Sources */ = {isa = PBXBuildFile; fileRef = 16526EB32ACC06A5008F6A49 /* SummaryViewController.swift */; };
		16526EC42ACC071D008F6A49 /* OverlayLabel.swift in Sources */ = {isa = PBXBuildFile; fileRef = 16526EBC2ACC071D008F6A49 /* OverlayLabel.swift */; };
		16526EC52ACC071D008F6A49 /* JointSegmentView.swift in Sources */ = {isa = PBXBuildFile; fileRef = 16526EBD2ACC071D008F6A49 /* JointSegmentView.swift */; };
		16526EC62ACC071D008F6A49 /* ProgressView.swift in Sources */ = {isa = PBXBuildFile; fileRef = 16526EBE2ACC071D008F6A49 /* ProgressView.swift */; };
		16526EC72ACC071D008F6A49 /* BoundingBoxView.swift in Sources */ = {isa = PBXBuildFile; fileRef = 16526EBF2ACC071D008F6A49 /* BoundingBoxView.swift */; };
		16526EC82ACC071D008F6A49 /* AnimatedTransitioning.swift in Sources */ = {isa = PBXBuildFile; fileRef = 16526EC02ACC071D008F6A49 /* AnimatedTransitioning.swift */; };
		16526EC92ACC071D008F6A49 /* DashboardView.swift in Sources */ = {isa = PBXBuildFile; fileRef = 16526EC12ACC071D008F6A49 /* DashboardView.swift */; };
		16526ECA2ACC071D008F6A49 /* VideoOutputViews.swift in Sources */ = {isa = PBXBuildFile; fileRef = 16526EC22ACC071D008F6A49 /* VideoOutputViews.swift */; };
		16526ECB2ACC071D008F6A49 /* TrajectoryView.swift in Sources */ = {isa = PBXBuildFile; fileRef = 16526EC32ACC071D008F6A49 /* TrajectoryView.swift */; };
		16526ED02ACC073A008F6A49 /* SummaryViewController.xib in Resources */ = {isa = PBXBuildFile; fileRef = 16526ECC2ACC073A008F6A49 /* SummaryViewController.xib */; };
		16526ED12ACC073A008F6A49 /* GameViewController.xib in Resources */ = {isa = PBXBuildFile; fileRef = 16526ECD2ACC073A008F6A49 /* GameViewController.xib */; };
		16526ED22ACC073A008F6A49 /* CameraViewController.xib in Resources */ = {isa = PBXBuildFile; fileRef = 16526ECE2ACC073A008F6A49 /* CameraViewController.xib */; };
		16526ED32ACC073A008F6A49 /* SetupViewController.xib in Resources */ = {isa = PBXBuildFile; fileRef = 16526ECF2ACC073A008F6A49 /* SetupViewController.xib */; };
		16526ED52ACC0776008F6A49 /* PostureActionClassifier.mlmodel in Sources */ = {isa = PBXBuildFile; fileRef = 16526ED42ACC0776008F6A49 /* PostureActionClassifier.mlmodel */; };
		165CE2692AC165C3002F8385 /* AppDelegate.swift in Sources */ = {isa = PBXBuildFile; fileRef = 165CE2682AC165C3002F8385 /* AppDelegate.swift */; };
		165CE26B2AC165C3002F8385 /* SceneDelegate.swift in Sources */ = {isa = PBXBuildFile; fileRef = 165CE26A2AC165C3002F8385 /* SceneDelegate.swift */; };
		165CE26D2AC165C3002F8385 /* ViewController.swift in Sources */ = {isa = PBXBuildFile; fileRef = 165CE26C2AC165C3002F8385 /* ViewController.swift */; };
		165CE2702AC165C3002F8385 /* Main.storyboard in Resources */ = {isa = PBXBuildFile; fileRef = 165CE26E2AC165C3002F8385 /* Main.storyboard */; };
		165CE2732AC165C3002F8385 /* PostureCoach.xcdatamodeld in Sources */ = {isa = PBXBuildFile; fileRef = 165CE2712AC165C3002F8385 /* PostureCoach.xcdatamodeld */; };
		165CE2752AC165C4002F8385 /* Assets.xcassets in Resources */ = {isa = PBXBuildFile; fileRef = 165CE2742AC165C4002F8385 /* Assets.xcassets */; };
		165CE2782AC165C4002F8385 /* LaunchScreen.storyboard in Resources */ = {isa = PBXBuildFile; fileRef = 165CE2762AC165C4002F8385 /* LaunchScreen.storyboard */; };
		165CE2822AC1DC81002F8385 /* SignupViewController.swift in Sources */ = {isa = PBXBuildFile; fileRef = 165CE2812AC1DC81002F8385 /* SignupViewController.swift */; };
		169F7B332AD2E496004204E9 /* MachineClassifier.mlmodel in Sources */ = {isa = PBXBuildFile; fileRef = 169F7B322AD2E496004204E9 /* MachineClassifier.mlmodel */; };
		169F7B382AD4EC90004204E9 /* SignupPhysicalViewController.swift in Sources */ = {isa = PBXBuildFile; fileRef = 169F7B372AD4EC90004204E9 /* SignupPhysicalViewController.swift */; };
		16AE79002AC29F8800A16443 /* ExerciseClassifier.mlmodel in Sources */ = {isa = PBXBuildFile; fileRef = 16AE78FF2AC29F8800A16443 /* ExerciseClassifier.mlmodel */; };
/* End PBXBuildFile section */

/* Begin PBXFileReference section */
		0F585E212AD68360007D0B47 /* PostureCoachViewController.swift */ = {isa = PBXFileReference; lastKnownFileType = sourcecode.swift; path = PostureCoachViewController.swift; sourceTree = "<group>"; };
		0F585E232AD68612007D0B47 /* PostureCoachView.storyboard */ = {isa = PBXFileReference; lastKnownFileType = file.storyboard; path = PostureCoachView.storyboard; sourceTree = "<group>"; };
		0F5E383D2ADE5ABD00D444B1 /* CellWebViewController.swift */ = {isa = PBXFileReference; fileEncoding = 4; lastKnownFileType = sourcecode.swift; path = CellWebViewController.swift; sourceTree = "<group>"; };
		0F5E383E2ADE5ABD00D444B1 /* MachineViewController.swift */ = {isa = PBXFileReference; fileEncoding = 4; lastKnownFileType = sourcecode.swift; path = MachineViewController.swift; sourceTree = "<group>"; };
		0F5E383F2ADE5ABD00D444B1 /* WebViewController.swift */ = {isa = PBXFileReference; fileEncoding = 4; lastKnownFileType = sourcecode.swift; path = WebViewController.swift; sourceTree = "<group>"; };
		0F5E38402ADE5ABD00D444B1 /* MachineMainViewController.swift */ = {isa = PBXFileReference; fileEncoding = 4; lastKnownFileType = sourcecode.swift; path = MachineMainViewController.swift; sourceTree = "<group>"; };
		0FACFABA2AD4221B006CBA08 /* ExerciseSummaryViewController.storyboard */ = {isa = PBXFileReference; fileEncoding = 4; lastKnownFileType = file.storyboard; path = ExerciseSummaryViewController.storyboard; sourceTree = "<group>"; };
		0FACFABC2AD52A51006CBA08 /* ExerciseSummaryViewController.swift */ = {isa = PBXFileReference; lastKnownFileType = sourcecode.swift; path = ExerciseSummaryViewController.swift; sourceTree = "<group>"; };
		0FC4B7292AD91AF20036DEB2 /* WeeklyReportView.swift */ = {isa = PBXFileReference; lastKnownFileType = sourcecode.swift; path = WeeklyReportView.swift; sourceTree = "<group>"; };
		0FD22B1B2ADE5F960033C9AF /* CommunityView.storyboard */ = {isa = PBXFileReference; fileEncoding = 4; lastKnownFileType = file.storyboard; name = CommunityView.storyboard; path = ../../../Downloads/CommunityView.storyboard; sourceTree = "<group>"; };
		0FE635962AC51FCB00DA6266 /* Model.swift */ = {isa = PBXFileReference; lastKnownFileType = sourcecode.swift; path = Model.swift; sourceTree = "<group>"; };
		0FEB8F632ACCF3090098F7AC /* LegPressView.storyboard */ = {isa = PBXFileReference; lastKnownFileType = file.storyboard; path = LegPressView.storyboard; sourceTree = "<group>"; };
		0FEB8F652ACCF6180098F7AC /* LegExtensionView.storyboard */ = {isa = PBXFileReference; lastKnownFileType = file.storyboard; path = LegExtensionView.storyboard; sourceTree = "<group>"; };
		0FEB8F672ACCF6AC0098F7AC /* LatPullDownView.storyboard */ = {isa = PBXFileReference; lastKnownFileType = file.storyboard; path = LatPullDownView.storyboard; sourceTree = "<group>"; };
		0FEB8F6E2ACCF7DA0098F7AC /* ChestPressView.storyboard */ = {isa = PBXFileReference; lastKnownFileType = file.storyboard; path = ChestPressView.storyboard; sourceTree = "<group>"; };
		0FEB8F752ACD013E0098F7AC /* MachineCoachView.storyboard */ = {isa = PBXFileReference; lastKnownFileType = file.storyboard; path = MachineCoachView.storyboard; sourceTree = "<group>"; };
		0FEB8F772ACD017A0098F7AC /* ReportView.storyboard */ = {isa = PBXFileReference; lastKnownFileType = file.storyboard; path = ReportView.storyboard; sourceTree = "<group>"; };
		0FEB8F7B2ACD08960098F7AC /* ReportViewController.swift */ = {isa = PBXFileReference; lastKnownFileType = sourcecode.swift; path = ReportViewController.swift; sourceTree = "<group>"; };
		0FEB8F7F2ACE8E410098F7AC /* LatPullDownViewController.swift */ = {isa = PBXFileReference; lastKnownFileType = sourcecode.swift; path = LatPullDownViewController.swift; sourceTree = "<group>"; };
		0FF1BE392AD3896300CC404D /* LowerSourcePickerViewController.swift */ = {isa = PBXFileReference; lastKnownFileType = sourcecode.swift; path = LowerSourcePickerViewController.swift; sourceTree = "<group>"; };
		160637532AD8F0DF00213C8C /* ContentsWebViewController.swift */ = {isa = PBXFileReference; lastKnownFileType = sourcecode.swift; path = ContentsWebViewController.swift; sourceTree = "<group>"; };
		160637552AD9173400213C8C /* CommunityViewController.swift */ = {isa = PBXFileReference; lastKnownFileType = sourcecode.swift; path = CommunityViewController.swift; sourceTree = "<group>"; };
		16526EAC2ACC06A5008F6A49 /* Common.swift */ = {isa = PBXFileReference; fileEncoding = 4; lastKnownFileType = sourcecode.swift; path = Common.swift; sourceTree = "<group>"; };
		16526EAD2ACC06A5008F6A49 /* GameViewController.swift */ = {isa = PBXFileReference; fileEncoding = 4; lastKnownFileType = sourcecode.swift; path = GameViewController.swift; sourceTree = "<group>"; };
		16526EAE2ACC06A5008F6A49 /* SetupViewController.swift */ = {isa = PBXFileReference; fileEncoding = 4; lastKnownFileType = sourcecode.swift; path = SetupViewController.swift; sourceTree = "<group>"; };
		16526EAF2ACC06A5008F6A49 /* SourcePickerViewController.swift */ = {isa = PBXFileReference; fileEncoding = 4; lastKnownFileType = sourcecode.swift; path = SourcePickerViewController.swift; sourceTree = "<group>"; };
		16526EB02ACC06A5008F6A49 /* RootViewController.swift */ = {isa = PBXFileReference; fileEncoding = 4; lastKnownFileType = sourcecode.swift; path = RootViewController.swift; sourceTree = "<group>"; };
		16526EB12ACC06A5008F6A49 /* GameManager.swift */ = {isa = PBXFileReference; fileEncoding = 4; lastKnownFileType = sourcecode.swift; path = GameManager.swift; sourceTree = "<group>"; };
		16526EB22ACC06A5008F6A49 /* CameraViewController.swift */ = {isa = PBXFileReference; fileEncoding = 4; lastKnownFileType = sourcecode.swift; path = CameraViewController.swift; sourceTree = "<group>"; };
		16526EB32ACC06A5008F6A49 /* SummaryViewController.swift */ = {isa = PBXFileReference; fileEncoding = 4; lastKnownFileType = sourcecode.swift; path = SummaryViewController.swift; sourceTree = "<group>"; };
		16526EBC2ACC071D008F6A49 /* OverlayLabel.swift */ = {isa = PBXFileReference; fileEncoding = 4; lastKnownFileType = sourcecode.swift; path = OverlayLabel.swift; sourceTree = "<group>"; };
		16526EBD2ACC071D008F6A49 /* JointSegmentView.swift */ = {isa = PBXFileReference; fileEncoding = 4; lastKnownFileType = sourcecode.swift; path = JointSegmentView.swift; sourceTree = "<group>"; };
		16526EBE2ACC071D008F6A49 /* ProgressView.swift */ = {isa = PBXFileReference; fileEncoding = 4; lastKnownFileType = sourcecode.swift; path = ProgressView.swift; sourceTree = "<group>"; };
		16526EBF2ACC071D008F6A49 /* BoundingBoxView.swift */ = {isa = PBXFileReference; fileEncoding = 4; lastKnownFileType = sourcecode.swift; path = BoundingBoxView.swift; sourceTree = "<group>"; };
		16526EC02ACC071D008F6A49 /* AnimatedTransitioning.swift */ = {isa = PBXFileReference; fileEncoding = 4; lastKnownFileType = sourcecode.swift; path = AnimatedTransitioning.swift; sourceTree = "<group>"; };
		16526EC12ACC071D008F6A49 /* DashboardView.swift */ = {isa = PBXFileReference; fileEncoding = 4; lastKnownFileType = sourcecode.swift; path = DashboardView.swift; sourceTree = "<group>"; };
		16526EC22ACC071D008F6A49 /* VideoOutputViews.swift */ = {isa = PBXFileReference; fileEncoding = 4; lastKnownFileType = sourcecode.swift; path = VideoOutputViews.swift; sourceTree = "<group>"; };
		16526EC32ACC071D008F6A49 /* TrajectoryView.swift */ = {isa = PBXFileReference; fileEncoding = 4; lastKnownFileType = sourcecode.swift; path = TrajectoryView.swift; sourceTree = "<group>"; };
		16526ECC2ACC073A008F6A49 /* SummaryViewController.xib */ = {isa = PBXFileReference; fileEncoding = 4; lastKnownFileType = file.xib; path = SummaryViewController.xib; sourceTree = "<group>"; };
		16526ECD2ACC073A008F6A49 /* GameViewController.xib */ = {isa = PBXFileReference; fileEncoding = 4; lastKnownFileType = file.xib; path = GameViewController.xib; sourceTree = "<group>"; };
		16526ECE2ACC073A008F6A49 /* CameraViewController.xib */ = {isa = PBXFileReference; fileEncoding = 4; lastKnownFileType = file.xib; path = CameraViewController.xib; sourceTree = "<group>"; };
		16526ECF2ACC073A008F6A49 /* SetupViewController.xib */ = {isa = PBXFileReference; fileEncoding = 4; lastKnownFileType = file.xib; path = SetupViewController.xib; sourceTree = "<group>"; };
		16526ED42ACC0776008F6A49 /* PostureActionClassifier.mlmodel */ = {isa = PBXFileReference; lastKnownFileType = file.mlmodel; path = PostureActionClassifier.mlmodel; sourceTree = "<group>"; };
		165CE2652AC165C3002F8385 /* PostureCoach.app */ = {isa = PBXFileReference; explicitFileType = wrapper.application; includeInIndex = 0; path = PostureCoach.app; sourceTree = BUILT_PRODUCTS_DIR; };
		165CE2682AC165C3002F8385 /* AppDelegate.swift */ = {isa = PBXFileReference; lastKnownFileType = sourcecode.swift; path = AppDelegate.swift; sourceTree = "<group>"; };
		165CE26A2AC165C3002F8385 /* SceneDelegate.swift */ = {isa = PBXFileReference; lastKnownFileType = sourcecode.swift; path = SceneDelegate.swift; sourceTree = "<group>"; };
		165CE26C2AC165C3002F8385 /* ViewController.swift */ = {isa = PBXFileReference; lastKnownFileType = sourcecode.swift; path = ViewController.swift; sourceTree = "<group>"; };
		165CE26F2AC165C3002F8385 /* Base */ = {isa = PBXFileReference; lastKnownFileType = file.storyboard; name = Base; path = Base.lproj/Main.storyboard; sourceTree = "<group>"; };
		165CE2722AC165C3002F8385 /* PostureCoach.xcdatamodel */ = {isa = PBXFileReference; lastKnownFileType = wrapper.xcdatamodel; path = PostureCoach.xcdatamodel; sourceTree = "<group>"; };
		165CE2742AC165C4002F8385 /* Assets.xcassets */ = {isa = PBXFileReference; lastKnownFileType = folder.assetcatalog; path = Assets.xcassets; sourceTree = "<group>"; };
		165CE2772AC165C4002F8385 /* Base */ = {isa = PBXFileReference; lastKnownFileType = file.storyboard; name = Base; path = Base.lproj/LaunchScreen.storyboard; sourceTree = "<group>"; };
		165CE2792AC165C4002F8385 /* Info.plist */ = {isa = PBXFileReference; lastKnownFileType = text.plist.xml; path = Info.plist; sourceTree = "<group>"; };
		165CE2812AC1DC81002F8385 /* SignupViewController.swift */ = {isa = PBXFileReference; lastKnownFileType = sourcecode.swift; path = SignupViewController.swift; sourceTree = "<group>"; };
		169F7B322AD2E496004204E9 /* MachineClassifier.mlmodel */ = {isa = PBXFileReference; lastKnownFileType = file.mlmodel; path = MachineClassifier.mlmodel; sourceTree = "<group>"; };
		169F7B372AD4EC90004204E9 /* SignupPhysicalViewController.swift */ = {isa = PBXFileReference; lastKnownFileType = sourcecode.swift; path = SignupPhysicalViewController.swift; sourceTree = "<group>"; };
		16AE78FF2AC29F8800A16443 /* ExerciseClassifier.mlmodel */ = {isa = PBXFileReference; lastKnownFileType = file.mlmodel; path = ExerciseClassifier.mlmodel; sourceTree = "<group>"; };
/* End PBXFileReference section */

/* Begin PBXFrameworksBuildPhase section */
		165CE2622AC165C3002F8385 /* Frameworks */ = {
			isa = PBXFrameworksBuildPhase;
			buildActionMask = 2147483647;
			files = (
				0FE6359A2AC5346C00DA6266 /* Alamofire in Frameworks */,
			);
			runOnlyForDeploymentPostprocessing = 0;
		};
/* End PBXFrameworksBuildPhase section */

/* Begin PBXGroup section */
		0FD22B1D2ADE68B30033C9AF /* PostureCoachView */ = {
			isa = PBXGroup;
			children = (
				0F585E212AD68360007D0B47 /* PostureCoachViewController.swift */,
				0FEB8F7F2ACE8E410098F7AC /* LatPullDownViewController.swift */,
				0FF1BE392AD3896300CC404D /* LowerSourcePickerViewController.swift */,
				16526ECE2ACC073A008F6A49 /* CameraViewController.xib */,
				16526ECD2ACC073A008F6A49 /* GameViewController.xib */,
				16526ECF2ACC073A008F6A49 /* SetupViewController.xib */,
				16526ECC2ACC073A008F6A49 /* SummaryViewController.xib */,
				0F585E232AD68612007D0B47 /* PostureCoachView.storyboard */,
				0FEB8F6E2ACCF7DA0098F7AC /* ChestPressView.storyboard */,
				0FEB8F672ACCF6AC0098F7AC /* LatPullDownView.storyboard */,
				0FEB8F632ACCF3090098F7AC /* LegPressView.storyboard */,
				16526EB22ACC06A5008F6A49 /* CameraViewController.swift */,
				16526EB12ACC06A5008F6A49 /* GameManager.swift */,
				16526EAD2ACC06A5008F6A49 /* GameViewController.swift */,
				16526EB02ACC06A5008F6A49 /* RootViewController.swift */,
				16526EAE2ACC06A5008F6A49 /* SetupViewController.swift */,
				16526EAF2ACC06A5008F6A49 /* SourcePickerViewController.swift */,
				16526EB32ACC06A5008F6A49 /* SummaryViewController.swift */,
				16526EC02ACC071D008F6A49 /* AnimatedTransitioning.swift */,
				16526EBF2ACC071D008F6A49 /* BoundingBoxView.swift */,
				16526EC12ACC071D008F6A49 /* DashboardView.swift */,
				16526EBD2ACC071D008F6A49 /* JointSegmentView.swift */,
				16526EBC2ACC071D008F6A49 /* OverlayLabel.swift */,
				16526EBE2ACC071D008F6A49 /* ProgressView.swift */,
				16526EC32ACC071D008F6A49 /* TrajectoryView.swift */,
				16526EC22ACC071D008F6A49 /* VideoOutputViews.swift */,
				16526EAC2ACC06A5008F6A49 /* Common.swift */,
				0FEB8F652ACCF6180098F7AC /* LegExtensionView.storyboard */,
			);
			path = PostureCoachView;
			sourceTree = "<group>";
		};
		165CE25C2AC165C3002F8385 = {
			isa = PBXGroup;
			children = (
				165CE2672AC165C3002F8385 /* PostureCoach */,
				165CE2662AC165C3002F8385 /* Products */,
			);
			sourceTree = "<group>";
		};
		165CE2662AC165C3002F8385 /* Products */ = {
			isa = PBXGroup;
			children = (
				165CE2652AC165C3002F8385 /* PostureCoach.app */,
			);
			name = Products;
			sourceTree = "<group>";
		};
		165CE2672AC165C3002F8385 /* PostureCoach */ = {
			isa = PBXGroup;
			children = (
				165CE2682AC165C3002F8385 /* AppDelegate.swift */,
				165CE26A2AC165C3002F8385 /* SceneDelegate.swift */,
				16AE78FE2AC29F7500A16443 /* ExerciseClassifier */,
				165CE26C2AC165C3002F8385 /* ViewController.swift */,
				165CE2812AC1DC81002F8385 /* SignupViewController.swift */,
				169F7B372AD4EC90004204E9 /* SignupPhysicalViewController.swift */,
				165CE26E2AC165C3002F8385 /* Main.storyboard */,
				0FD22B1D2ADE68B30033C9AF /* PostureCoachView */,
				0FEB8F752ACD013E0098F7AC /* MachineCoachView.storyboard */,
				169F7B342AD2E49E004204E9 /* MachineCoachView */,
				0FD22B1B2ADE5F960033C9AF /* CommunityView.storyboard */,
				160637552AD9173400213C8C /* CommunityViewController.swift */,
				0FEB8F772ACD017A0098F7AC /* ReportView.storyboard */,
				0FACFABA2AD4221B006CBA08 /* ExerciseSummaryViewController.storyboard */,
				0FACFABC2AD52A51006CBA08 /* ExerciseSummaryViewController.swift */,
				0FEB8F7B2ACD08960098F7AC /* ReportViewController.swift */,
				165CE2742AC165C4002F8385 /* Assets.xcassets */,
				165CE2762AC165C4002F8385 /* LaunchScreen.storyboard */,
				165CE2792AC165C4002F8385 /* Info.plist */,
				165CE2712AC165C3002F8385 /* PostureCoach.xcdatamodeld */,
				0FE635962AC51FCB00DA6266 /* Model.swift */,
				16526ED42ACC0776008F6A49 /* PostureActionClassifier.mlmodel */,
				169F7B322AD2E496004204E9 /* MachineClassifier.mlmodel */,
				0FC4B7292AD91AF20036DEB2 /* WeeklyReportView.swift */,
			);
			path = PostureCoach;
			sourceTree = "<group>";
		};
		169F7B342AD2E49E004204E9 /* MachineCoachView */ = {
			isa = PBXGroup;
			children = (
				0F5E383D2ADE5ABD00D444B1 /* CellWebViewController.swift */,
				0F5E38402ADE5ABD00D444B1 /* MachineMainViewController.swift */,
				0F5E383E2ADE5ABD00D444B1 /* MachineViewController.swift */,
				0F5E383F2ADE5ABD00D444B1 /* WebViewController.swift */,
				160637532AD8F0DF00213C8C /* ContentsWebViewController.swift */,
			);
			path = MachineCoachView;
			sourceTree = "<group>";
		};
		16AE78FE2AC29F7500A16443 /* ExerciseClassifier */ = {
			isa = PBXGroup;
			children = (
				16AE78FF2AC29F8800A16443 /* ExerciseClassifier.mlmodel */,
			);
			path = ExerciseClassifier;
			sourceTree = "<group>";
		};
/* End PBXGroup section */

/* Begin PBXNativeTarget section */
		165CE2642AC165C3002F8385 /* PostureCoach */ = {
			isa = PBXNativeTarget;
			buildConfigurationList = 165CE27C2AC165C4002F8385 /* Build configuration list for PBXNativeTarget "PostureCoach" */;
			buildPhases = (
				165CE2612AC165C3002F8385 /* Sources */,
				165CE2622AC165C3002F8385 /* Frameworks */,
				165CE2632AC165C3002F8385 /* Resources */,
			);
			buildRules = (
			);
			dependencies = (
			);
			name = PostureCoach;
			packageProductDependencies = (
				0FE635992AC5346C00DA6266 /* Alamofire */,
			);
			productName = PostureCoach;
			productReference = 165CE2652AC165C3002F8385 /* PostureCoach.app */;
			productType = "com.apple.product-type.application";
		};
/* End PBXNativeTarget section */

/* Begin PBXProject section */
		165CE25D2AC165C3002F8385 /* Project object */ = {
			isa = PBXProject;
			attributes = {
				BuildIndependentTargetsInParallel = 1;
				LastSwiftUpdateCheck = 1430;
				LastUpgradeCheck = 1430;
				TargetAttributes = {
					165CE2642AC165C3002F8385 = {
						CreatedOnToolsVersion = 14.3.1;
					};
				};
			};
			buildConfigurationList = 165CE2602AC165C3002F8385 /* Build configuration list for PBXProject "PostureCoach" */;
			compatibilityVersion = "Xcode 14.0";
			developmentRegion = en;
			hasScannedForEncodings = 0;
			knownRegions = (
				en,
				Base,
			);
			mainGroup = 165CE25C2AC165C3002F8385;
			packageReferences = (
				0FE635982AC5346C00DA6266 /* XCRemoteSwiftPackageReference "Alamofire" */,
			);
			productRefGroup = 165CE2662AC165C3002F8385 /* Products */;
			projectDirPath = "";
			projectRoot = "";
			targets = (
				165CE2642AC165C3002F8385 /* PostureCoach */,
			);
		};
/* End PBXProject section */

/* Begin PBXResourcesBuildPhase section */
		165CE2632AC165C3002F8385 /* Resources */ = {
			isa = PBXResourcesBuildPhase;
			buildActionMask = 2147483647;
			files = (
				0FEB8F682ACCF6AC0098F7AC /* LatPullDownView.storyboard in Resources */,
				0FEB8F642ACCF3090098F7AC /* LegPressView.storyboard in Resources */,
				16526ED32ACC073A008F6A49 /* SetupViewController.xib in Resources */,
				0FACFABB2AD4221B006CBA08 /* ExerciseSummaryViewController.storyboard in Resources */,
				16526ED22ACC073A008F6A49 /* CameraViewController.xib in Resources */,
				0FEB8F782ACD017A0098F7AC /* ReportView.storyboard in Resources */,
				0FD22B1C2ADE5F960033C9AF /* CommunityView.storyboard in Resources */,
				165CE2782AC165C4002F8385 /* LaunchScreen.storyboard in Resources */,
				165CE2752AC165C4002F8385 /* Assets.xcassets in Resources */,
				0FEB8F662ACCF6180098F7AC /* LegExtensionView.storyboard in Resources */,
				0FEB8F762ACD013E0098F7AC /* MachineCoachView.storyboard in Resources */,
				16526ED12ACC073A008F6A49 /* GameViewController.xib in Resources */,
				0FEB8F6F2ACCF7DA0098F7AC /* ChestPressView.storyboard in Resources */,
				0F585E242AD68612007D0B47 /* PostureCoachView.storyboard in Resources */,
				165CE2702AC165C3002F8385 /* Main.storyboard in Resources */,
				16526ED02ACC073A008F6A49 /* SummaryViewController.xib in Resources */,
			);
			runOnlyForDeploymentPostprocessing = 0;
		};
/* End PBXResourcesBuildPhase section */

/* Begin PBXSourcesBuildPhase section */
		165CE2612AC165C3002F8385 /* Sources */ = {
			isa = PBXSourcesBuildPhase;
			buildActionMask = 2147483647;
			files = (
				0F5E38432ADE5ABD00D444B1 /* WebViewController.swift in Sources */,
				16526EB42ACC06A5008F6A49 /* Common.swift in Sources */,
				0F5E38412ADE5ABD00D444B1 /* CellWebViewController.swift in Sources */,
				16526EC52ACC071D008F6A49 /* JointSegmentView.swift in Sources */,
				0FE635972AC51FCB00DA6266 /* Model.swift in Sources */,
				169F7B332AD2E496004204E9 /* MachineClassifier.mlmodel in Sources */,
				0FEB8F7C2ACD08970098F7AC /* ReportViewController.swift in Sources */,
				160637542AD8F0DF00213C8C /* ContentsWebViewController.swift in Sources */,
				16526ECA2ACC071D008F6A49 /* VideoOutputViews.swift in Sources */,
				16526EB82ACC06A5008F6A49 /* RootViewController.swift in Sources */,
				160637562AD9173400213C8C /* CommunityViewController.swift in Sources */,
				169F7B382AD4EC90004204E9 /* SignupPhysicalViewController.swift in Sources */,
				165CE26D2AC165C3002F8385 /* ViewController.swift in Sources */,
				16AE79002AC29F8800A16443 /* ExerciseClassifier.mlmodel in Sources */,
				16526EB62ACC06A5008F6A49 /* SetupViewController.swift in Sources */,
				0FEB8F802ACE8E410098F7AC /* LatPullDownViewController.swift in Sources */,
				16526EB52ACC06A5008F6A49 /* GameViewController.swift in Sources */,
				0F5E38442ADE5ABD00D444B1 /* MachineMainViewController.swift in Sources */,
				0FC4B72A2AD91AF20036DEB2 /* WeeklyReportView.swift in Sources */,
				16526EB72ACC06A5008F6A49 /* SourcePickerViewController.swift in Sources */,
				165CE2732AC165C3002F8385 /* PostureCoach.xcdatamodeld in Sources */,
				16526EC92ACC071D008F6A49 /* DashboardView.swift in Sources */,
				16526ED52ACC0776008F6A49 /* PostureActionClassifier.mlmodel in Sources */,
				0F585E222AD68360007D0B47 /* PostureCoachViewController.swift in Sources */,
				165CE2822AC1DC81002F8385 /* SignupViewController.swift in Sources */,
				165CE2692AC165C3002F8385 /* AppDelegate.swift in Sources */,
				16526EBA2ACC06A5008F6A49 /* CameraViewController.swift in Sources */,
				0FACFABD2AD52A51006CBA08 /* ExerciseSummaryViewController.swift in Sources */,
				0FF1BE3A2AD3896300CC404D /* LowerSourcePickerViewController.swift in Sources */,
				165CE26B2AC165C3002F8385 /* SceneDelegate.swift in Sources */,
				16526EB92ACC06A5008F6A49 /* GameManager.swift in Sources */,
				16526EBB2ACC06A5008F6A49 /* SummaryViewController.swift in Sources */,
				0F5E38422ADE5ABD00D444B1 /* MachineViewController.swift in Sources */,
				16526EC42ACC071D008F6A49 /* OverlayLabel.swift in Sources */,
				16526EC62ACC071D008F6A49 /* ProgressView.swift in Sources */,
				16526EC82ACC071D008F6A49 /* AnimatedTransitioning.swift in Sources */,
				16526ECB2ACC071D008F6A49 /* TrajectoryView.swift in Sources */,
				16526EC72ACC071D008F6A49 /* BoundingBoxView.swift in Sources */,
			);
			runOnlyForDeploymentPostprocessing = 0;
		};
/* End PBXSourcesBuildPhase section */

/* Begin PBXVariantGroup section */
		165CE26E2AC165C3002F8385 /* Main.storyboard */ = {
			isa = PBXVariantGroup;
			children = (
				165CE26F2AC165C3002F8385 /* Base */,
			);
			name = Main.storyboard;
			sourceTree = "<group>";
		};
		165CE2762AC165C4002F8385 /* LaunchScreen.storyboard */ = {
			isa = PBXVariantGroup;
			children = (
				165CE2772AC165C4002F8385 /* Base */,
			);
			name = LaunchScreen.storyboard;
			sourceTree = "<group>";
		};
/* End PBXVariantGroup section */

/* Begin XCBuildConfiguration section */
		165CE27A2AC165C4002F8385 /* Debug */ = {
			isa = XCBuildConfiguration;
			buildSettings = {
				ALWAYS_SEARCH_USER_PATHS = NO;
				CLANG_ANALYZER_NONNULL = YES;
				CLANG_ANALYZER_NUMBER_OBJECT_CONVERSION = YES_AGGRESSIVE;
				CLANG_CXX_LANGUAGE_STANDARD = "gnu++20";
				CLANG_ENABLE_MODULES = YES;
				CLANG_ENABLE_OBJC_ARC = YES;
				CLANG_ENABLE_OBJC_WEAK = YES;
				CLANG_WARN_BLOCK_CAPTURE_AUTORELEASING = YES;
				CLANG_WARN_BOOL_CONVERSION = YES;
				CLANG_WARN_COMMA = YES;
				CLANG_WARN_CONSTANT_CONVERSION = YES;
				CLANG_WARN_DEPRECATED_OBJC_IMPLEMENTATIONS = YES;
				CLANG_WARN_DIRECT_OBJC_ISA_USAGE = YES_ERROR;
				CLANG_WARN_DOCUMENTATION_COMMENTS = YES;
				CLANG_WARN_EMPTY_BODY = YES;
				CLANG_WARN_ENUM_CONVERSION = YES;
				CLANG_WARN_INFINITE_RECURSION = YES;
				CLANG_WARN_INT_CONVERSION = YES;
				CLANG_WARN_NON_LITERAL_NULL_CONVERSION = YES;
				CLANG_WARN_OBJC_IMPLICIT_RETAIN_SELF = YES;
				CLANG_WARN_OBJC_LITERAL_CONVERSION = YES;
				CLANG_WARN_OBJC_ROOT_CLASS = YES_ERROR;
				CLANG_WARN_QUOTED_INCLUDE_IN_FRAMEWORK_HEADER = YES;
				CLANG_WARN_RANGE_LOOP_ANALYSIS = YES;
				CLANG_WARN_STRICT_PROTOTYPES = YES;
				CLANG_WARN_SUSPICIOUS_MOVE = YES;
				CLANG_WARN_UNGUARDED_AVAILABILITY = YES_AGGRESSIVE;
				CLANG_WARN_UNREACHABLE_CODE = YES;
				CLANG_WARN__DUPLICATE_METHOD_MATCH = YES;
				COPY_PHASE_STRIP = NO;
				DEBUG_INFORMATION_FORMAT = dwarf;
				ENABLE_STRICT_OBJC_MSGSEND = YES;
				ENABLE_TESTABILITY = YES;
				GCC_C_LANGUAGE_STANDARD = gnu11;
				GCC_DYNAMIC_NO_PIC = NO;
				GCC_NO_COMMON_BLOCKS = YES;
				GCC_OPTIMIZATION_LEVEL = 0;
				GCC_PREPROCESSOR_DEFINITIONS = (
					"DEBUG=1",
					"$(inherited)",
				);
				GCC_WARN_64_TO_32_BIT_CONVERSION = YES;
				GCC_WARN_ABOUT_RETURN_TYPE = YES_ERROR;
				GCC_WARN_UNDECLARED_SELECTOR = YES;
				GCC_WARN_UNINITIALIZED_AUTOS = YES_AGGRESSIVE;
				GCC_WARN_UNUSED_FUNCTION = YES;
				GCC_WARN_UNUSED_VARIABLE = YES;
				IPHONEOS_DEPLOYMENT_TARGET = 16.4;
				MTL_ENABLE_DEBUG_INFO = INCLUDE_SOURCE;
				MTL_FAST_MATH = YES;
				ONLY_ACTIVE_ARCH = YES;
				SDKROOT = iphoneos;
				SWIFT_ACTIVE_COMPILATION_CONDITIONS = DEBUG;
				SWIFT_OPTIMIZATION_LEVEL = "-Onone";
			};
			name = Debug;
		};
		165CE27B2AC165C4002F8385 /* Release */ = {
			isa = XCBuildConfiguration;
			buildSettings = {
				ALWAYS_SEARCH_USER_PATHS = NO;
				CLANG_ANALYZER_NONNULL = YES;
				CLANG_ANALYZER_NUMBER_OBJECT_CONVERSION = YES_AGGRESSIVE;
				CLANG_CXX_LANGUAGE_STANDARD = "gnu++20";
				CLANG_ENABLE_MODULES = YES;
				CLANG_ENABLE_OBJC_ARC = YES;
				CLANG_ENABLE_OBJC_WEAK = YES;
				CLANG_WARN_BLOCK_CAPTURE_AUTORELEASING = YES;
				CLANG_WARN_BOOL_CONVERSION = YES;
				CLANG_WARN_COMMA = YES;
				CLANG_WARN_CONSTANT_CONVERSION = YES;
				CLANG_WARN_DEPRECATED_OBJC_IMPLEMENTATIONS = YES;
				CLANG_WARN_DIRECT_OBJC_ISA_USAGE = YES_ERROR;
				CLANG_WARN_DOCUMENTATION_COMMENTS = YES;
				CLANG_WARN_EMPTY_BODY = YES;
				CLANG_WARN_ENUM_CONVERSION = YES;
				CLANG_WARN_INFINITE_RECURSION = YES;
				CLANG_WARN_INT_CONVERSION = YES;
				CLANG_WARN_NON_LITERAL_NULL_CONVERSION = YES;
				CLANG_WARN_OBJC_IMPLICIT_RETAIN_SELF = YES;
				CLANG_WARN_OBJC_LITERAL_CONVERSION = YES;
				CLANG_WARN_OBJC_ROOT_CLASS = YES_ERROR;
				CLANG_WARN_QUOTED_INCLUDE_IN_FRAMEWORK_HEADER = YES;
				CLANG_WARN_RANGE_LOOP_ANALYSIS = YES;
				CLANG_WARN_STRICT_PROTOTYPES = YES;
				CLANG_WARN_SUSPICIOUS_MOVE = YES;
				CLANG_WARN_UNGUARDED_AVAILABILITY = YES_AGGRESSIVE;
				CLANG_WARN_UNREACHABLE_CODE = YES;
				CLANG_WARN__DUPLICATE_METHOD_MATCH = YES;
				COPY_PHASE_STRIP = NO;
				DEBUG_INFORMATION_FORMAT = "dwarf-with-dsym";
				ENABLE_NS_ASSERTIONS = NO;
				ENABLE_STRICT_OBJC_MSGSEND = YES;
				GCC_C_LANGUAGE_STANDARD = gnu11;
				GCC_NO_COMMON_BLOCKS = YES;
				GCC_WARN_64_TO_32_BIT_CONVERSION = YES;
				GCC_WARN_ABOUT_RETURN_TYPE = YES_ERROR;
				GCC_WARN_UNDECLARED_SELECTOR = YES;
				GCC_WARN_UNINITIALIZED_AUTOS = YES_AGGRESSIVE;
				GCC_WARN_UNUSED_FUNCTION = YES;
				GCC_WARN_UNUSED_VARIABLE = YES;
				IPHONEOS_DEPLOYMENT_TARGET = 16.4;
				MTL_ENABLE_DEBUG_INFO = NO;
				MTL_FAST_MATH = YES;
				SDKROOT = iphoneos;
				SWIFT_COMPILATION_MODE = wholemodule;
				SWIFT_OPTIMIZATION_LEVEL = "-O";
				VALIDATE_PRODUCT = YES;
			};
			name = Release;
		};
		165CE27D2AC165C4002F8385 /* Debug */ = {
			isa = XCBuildConfiguration;
			buildSettings = {
				ASSETCATALOG_COMPILER_APPICON_NAME = AppIcon;
				ASSETCATALOG_COMPILER_GLOBAL_ACCENT_COLOR_NAME = AccentColor;
				CODE_SIGN_STYLE = Automatic;
				CURRENT_PROJECT_VERSION = 1;
				DEVELOPMENT_TEAM = CHWBKK9R3S;
				GENERATE_INFOPLIST_FILE = YES;
				INFOPLIST_FILE = PostureCoach/Info.plist;
				INFOPLIST_KEY_NSCameraUsageDescription = "카메라 허용해줘";
				INFOPLIST_KEY_NSMicrophoneUsageDescription = "마이크 허용해줘";
				INFOPLIST_KEY_NSPhotoLibraryUsageDescription = "앨범 허용해줘";
				INFOPLIST_KEY_UIApplicationSupportsIndirectInputEvents = YES;
				INFOPLIST_KEY_UILaunchStoryboardName = LaunchScreen;
				INFOPLIST_KEY_UIMainStoryboardFile = Main;
				INFOPLIST_KEY_UISupportedInterfaceOrientations_iPad = "UIInterfaceOrientationPortrait UIInterfaceOrientationPortraitUpsideDown UIInterfaceOrientationLandscapeLeft UIInterfaceOrientationLandscapeRight";
				INFOPLIST_KEY_UISupportedInterfaceOrientations_iPhone = "UIInterfaceOrientationPortrait UIInterfaceOrientationLandscapeLeft UIInterfaceOrientationLandscapeRight";
				IPHONEOS_DEPLOYMENT_TARGET = 16.1;
				LD_RUNPATH_SEARCH_PATHS = (
					"$(inherited)",
					"@executable_path/Frameworks",
				);
				MARKETING_VERSION = 1.0;
				PRODUCT_BUNDLE_IDENTIFIER = com.ponyo.PostureCoach1;
				PRODUCT_NAME = "$(TARGET_NAME)";
				SWIFT_EMIT_LOC_STRINGS = YES;
				SWIFT_VERSION = 5.0;
				TARGETED_DEVICE_FAMILY = "1,2";
			};
			name = Debug;
		};
		165CE27E2AC165C4002F8385 /* Release */ = {
			isa = XCBuildConfiguration;
			buildSettings = {
				ASSETCATALOG_COMPILER_APPICON_NAME = AppIcon;
				ASSETCATALOG_COMPILER_GLOBAL_ACCENT_COLOR_NAME = AccentColor;
				CODE_SIGN_STYLE = Automatic;
				CURRENT_PROJECT_VERSION = 1;
				DEVELOPMENT_TEAM = CHWBKK9R3S;
				GENERATE_INFOPLIST_FILE = YES;
				INFOPLIST_FILE = PostureCoach/Info.plist;
				INFOPLIST_KEY_NSCameraUsageDescription = "카메라 허용해줘";
				INFOPLIST_KEY_NSMicrophoneUsageDescription = "마이크 허용해줘";
				INFOPLIST_KEY_NSPhotoLibraryUsageDescription = "앨범 허용해줘";
				INFOPLIST_KEY_UIApplicationSupportsIndirectInputEvents = YES;
				INFOPLIST_KEY_UILaunchStoryboardName = LaunchScreen;
				INFOPLIST_KEY_UIMainStoryboardFile = Main;
				INFOPLIST_KEY_UISupportedInterfaceOrientations_iPad = "UIInterfaceOrientationPortrait UIInterfaceOrientationPortraitUpsideDown UIInterfaceOrientationLandscapeLeft UIInterfaceOrientationLandscapeRight";
				INFOPLIST_KEY_UISupportedInterfaceOrientations_iPhone = "UIInterfaceOrientationPortrait UIInterfaceOrientationLandscapeLeft UIInterfaceOrientationLandscapeRight";
				IPHONEOS_DEPLOYMENT_TARGET = 16.1;
				LD_RUNPATH_SEARCH_PATHS = (
					"$(inherited)",
					"@executable_path/Frameworks",
				);
				MARKETING_VERSION = 1.0;
				PRODUCT_BUNDLE_IDENTIFIER = com.ponyo.PostureCoach1;
				PRODUCT_NAME = "$(TARGET_NAME)";
				SWIFT_EMIT_LOC_STRINGS = YES;
				SWIFT_VERSION = 5.0;
				TARGETED_DEVICE_FAMILY = "1,2";
			};
			name = Release;
		};
/* End XCBuildConfiguration section */

/* Begin XCConfigurationList section */
		165CE2602AC165C3002F8385 /* Build configuration list for PBXProject "PostureCoach" */ = {
			isa = XCConfigurationList;
			buildConfigurations = (
				165CE27A2AC165C4002F8385 /* Debug */,
				165CE27B2AC165C4002F8385 /* Release */,
			);
			defaultConfigurationIsVisible = 0;
			defaultConfigurationName = Release;
		};
		165CE27C2AC165C4002F8385 /* Build configuration list for PBXNativeTarget "PostureCoach" */ = {
			isa = XCConfigurationList;
			buildConfigurations = (
				165CE27D2AC165C4002F8385 /* Debug */,
				165CE27E2AC165C4002F8385 /* Release */,
			);
			defaultConfigurationIsVisible = 0;
			defaultConfigurationName = Release;
		};
/* End XCConfigurationList section */

/* Begin XCRemoteSwiftPackageReference section */
		0FE635982AC5346C00DA6266 /* XCRemoteSwiftPackageReference "Alamofire" */ = {
			isa = XCRemoteSwiftPackageReference;
			repositoryURL = "https://github.com/Alamofire/Alamofire.git";
			requirement = {
				kind = upToNextMajorVersion;
				minimumVersion = 5.0.0;
			};
		};
/* End XCRemoteSwiftPackageReference section */

/* Begin XCSwiftPackageProductDependency section */
		0FE635992AC5346C00DA6266 /* Alamofire */ = {
			isa = XCSwiftPackageProductDependency;
			package = 0FE635982AC5346C00DA6266 /* XCRemoteSwiftPackageReference "Alamofire" */;
			productName = Alamofire;
		};
/* End XCSwiftPackageProductDependency section */

/* Begin XCVersionGroup section */
		165CE2712AC165C3002F8385 /* PostureCoach.xcdatamodeld */ = {
			isa = XCVersionGroup;
			children = (
				165CE2722AC165C3002F8385 /* PostureCoach.xcdatamodel */,
			);
			currentVersion = 165CE2722AC165C3002F8385 /* PostureCoach.xcdatamodel */;
			path = PostureCoach.xcdatamodeld;
			sourceTree = "<group>";
			versionGroupType = wrapper.xcdatamodel;
		};
/* End XCVersionGroup section */
	};
	rootObject = 165CE25D2AC165C3002F8385 /* Project object */;
}
